
Microsoft Visual Studio Solution File, Format Version 12.00
# Visual Studio Version 16
VisualStudioVersion = 16.0.30804.86
MinimumVisualStudioVersion = 10.0.40219.1
Project("{FAE04EC0-301F-11D3-BF4B-00C04F79EFBC}") = "zenelejatszo", "zenelejatszo\zenelejatszo.csproj", "{E187A22C-72B8-4D84-B1BA-56E671E361DC}"
EndProject
Global
	GlobalSection(SolutionConfigurationPlatforms) = preSolution
		Debug|Any CPU = Debug|Any CPU
		Release|Any CPU = Release|Any CPU
	EndGlobalSection
	GlobalSection(ProjectConfigurationPlatforms) = postSolution
		{E187A22C-72B8-4D84-B1BA-56E671E361DC}.Debug|Any CPU.ActiveCfg = Debug|Any CPU
		{E187A22C-72B8-4D84-B1BA-56E671E361DC}.Debug|Any CPU.Build.0 = Debug|Any CPU
		{E187A22C-72B8-4D84-B1BA-56E671E361DC}.Release|Any CPU.ActiveCfg = Release|Any CPU
		{E187A22C-72B8-4D84-B1BA-56E671E361DC}.Release|Any CPU.Build.0 = Release|Any CPU
	EndGlobalSection
	GlobalSection(SolutionProperties) = preSolution
		HideSolutionNode = FALSE
	EndGlobalSection
	GlobalSection(ExtensibilityGlobals) = postSolution
		SolutionGuid = {8F1A8E73-7906-4289-A8EF-058D624E5899}
	EndGlobalSection
EndGlobal
